{
  "pins" : [
    {
      "identity" : "simpletoast",
      "kind" : "remoteSourceControl",
      "location" : "https://github.com/sanzaru/SimpleToast",
      "state" : {
        "revision" : "6637b95dfc49d3d688ad2d7b6e0655c0f6862f83",
        "version" : "0.8.0"
      }
    },
    {
      "identity" : "slidingtabview",
      "kind" : "remoteSourceControl",
      "location" : "https://github.com/QuynhNguyen/SlidingTabView",
      "state" : {
        "revision" : "b0f0662977418824d50546b2850a523dcd793bb0",
        "version" : "1.0.2"
      }
    }
  ],
  "version" : 2
}
